
Microsoft Visual Studio Solution File, Format Version 12.00
# Visual Studio Version 16
VisualStudioVersion = 16.0.34031.81
MinimumVisualStudioVersion = 10.0.40219.1
Project("{2150E333-8FDC-42A3-9474-1A3956D46DE8}") = "Project.V12", "Project.V12", "{AE37E468-C117-44E1-818E-472DDAE411FF}"
EndProject
Project("{FAE04EC0-301F-11D3-BF4B-00C04F79EFBC}") = "Tyuiu.ZhirenbaevaII.Sprint7.Project.V12", "Tyuiu.ZhirenbaevaII.Sprint7.Project.V12\Tyuiu.ZhirenbaevaII.Sprint7.Project.V12.csproj", "{F496491E-A8E1-4DA9-8376-96C7D0912C6A}"
EndProject
Project("{FAE04EC0-301F-11D3-BF4B-00C04F79EFBC}") = "Tyuiu.ZhirenbaevaII.Sprint7.Project.V12.Test", "Tyuiu.ZhirenbaevaII.Sprint7.Project.V12.Test\Tyuiu.ZhirenbaevaII.Sprint7.Project.V12.Test.csproj", "{F4CC2334-7BF0-42DB-9473-5A32729BED53}"
EndProject
Project("{FAE04EC0-301F-11D3-BF4B-00C04F79EFBC}") = "Tyuiu.ZhirenbaevaII.Sprint7.Project.V12.Lib", "Tyuiu.ZhirenbaevaII.Sprint7.Project.V12.Lib\Tyuiu.ZhirenbaevaII.Sprint7.Project.V12.Lib.csproj", "{7B598B63-0AD3-4E7E-B3CB-B095A2665992}"
EndProject
Global
	GlobalSection(SolutionConfigurationPlatforms) = preSolution
		Debug|Any CPU = Debug|Any CPU
		Release|Any CPU = Release|Any CPU
	EndGlobalSection
	GlobalSection(ProjectConfigurationPlatforms) = postSolution
		{F496491E-A8E1-4DA9-8376-96C7D0912C6A}.Debug|Any CPU.ActiveCfg = Debug|Any CPU
		{F496491E-A8E1-4DA9-8376-96C7D0912C6A}.Debug|Any CPU.Build.0 = Debug|Any CPU
		{F496491E-A8E1-4DA9-8376-96C7D0912C6A}.Release|Any CPU.ActiveCfg = Release|Any CPU
		{F496491E-A8E1-4DA9-8376-96C7D0912C6A}.Release|Any CPU.Build.0 = Release|Any CPU
		{F4CC2334-7BF0-42DB-9473-5A32729BED53}.Debug|Any CPU.ActiveCfg = Debug|Any CPU
		{F4CC2334-7BF0-42DB-9473-5A32729BED53}.Debug|Any CPU.Build.0 = Debug|Any CPU
		{F4CC2334-7BF0-42DB-9473-5A32729BED53}.Release|Any CPU.ActiveCfg = Release|Any CPU
		{F4CC2334-7BF0-42DB-9473-5A32729BED53}.Release|Any CPU.Build.0 = Release|Any CPU
		{7B598B63-0AD3-4E7E-B3CB-B095A2665992}.Debug|Any CPU.ActiveCfg = Debug|Any CPU
		{7B598B63-0AD3-4E7E-B3CB-B095A2665992}.Debug|Any CPU.Build.0 = Debug|Any CPU
		{7B598B63-0AD3-4E7E-B3CB-B095A2665992}.Release|Any CPU.ActiveCfg = Release|Any CPU
		{7B598B63-0AD3-4E7E-B3CB-B095A2665992}.Release|Any CPU.Build.0 = Release|Any CPU
	EndGlobalSection
	GlobalSection(SolutionProperties) = preSolution
		HideSolutionNode = FALSE
	EndGlobalSection
	GlobalSection(NestedProjects) = preSolution
		{F496491E-A8E1-4DA9-8376-96C7D0912C6A} = {AE37E468-C117-44E1-818E-472DDAE411FF}
		{F4CC2334-7BF0-42DB-9473-5A32729BED53} = {AE37E468-C117-44E1-818E-472DDAE411FF}
		{7B598B63-0AD3-4E7E-B3CB-B095A2665992} = {AE37E468-C117-44E1-818E-472DDAE411FF}
	EndGlobalSection
	GlobalSection(ExtensibilityGlobals) = postSolution
		SolutionGuid = {6E2EB4B7-A19D-42E7-8019-C75EA23A5408}
	EndGlobalSection
EndGlobal
